PODS:
  - YandexMobileMetrica/Dynamic (4.5.2):
    - YandexMobileMetrica/Dynamic/Core (= 4.5.2)
    - YandexMobileMetrica/Dynamic/Crashes (= 4.5.2)
  - YandexMobileMetrica/Dynamic/Core (4.5.2)
  - YandexMobileMetrica/Dynamic/Crashes (4.5.2):
    - YandexMobileMetrica/Dynamic/Core

DEPENDENCIES:
  - YandexMobileMetrica/Dynamic (= 4.5.2)

SPEC REPOS:
  trunk:
    - YandexMobileMetrica

SPEC CHECKSUMS:
  YandexMobileMetrica: f5368ee93f286c793d73b58da00929babfc897c1

PODFILE CHECKSUM: 49a87c9415b2ace76805b135decebad075df32c7

COCOAPODS: 1.14.3
