// !$*UTF8*$!
{
	archiveVersion = 1;
	classes = {
	};
	objectVersion = 56;
	objects = {

/* Begin PBXBuildFile section */
		C90F117A2ADC27200002D47B /* UITextField+Extension.swift in Sources */ = {isa = PBXBuildFile; fileRef = C90F11792ADC27200002D47B /* UITextField+Extension.swift */; };
		C94D23F52AC85110004D9ADC /* AppDelegate.swift in Sources */ = {isa = PBXBuildFile; fileRef = C94D23F42AC85110004D9ADC /* AppDelegate.swift */; };
		C94D23F72AC85110004D9ADC /* SceneDelegate.swift in Sources */ = {isa = PBXBuildFile; fileRef = C94D23F62AC85110004D9ADC /* SceneDelegate.swift */; };
		C94D23F92AC85110004D9ADC /* TrackersViewController.swift in Sources */ = {isa = PBXBuildFile; fileRef = C94D23F82AC85110004D9ADC /* TrackersViewController.swift */; };
		C94D24012AC85114004D9ADC /* Assets.xcassets in Resources */ = {isa = PBXBuildFile; fileRef = C94D24002AC85114004D9ADC /* Assets.xcassets */; };
		C94D24042AC85114004D9ADC /* LaunchScreen.storyboard in Resources */ = {isa = PBXBuildFile; fileRef = C94D24022AC85114004D9ADC /* LaunchScreen.storyboard */; };
		C94FEE9C2ADDCC8A00F6E78F /* EventCreatorCollectionViewCell.swift in Sources */ = {isa = PBXBuildFile; fileRef = C94FEE9B2ADDCC8A00F6E78F /* EventCreatorCollectionViewCell.swift */; };
		C94FEEA02ADDCDE500F6E78F /* EventCreatorSuplementaryView.swift in Sources */ = {isa = PBXBuildFile; fileRef = C94FEE9F2ADDCDE500F6E78F /* EventCreatorSuplementaryView.swift */; };
		C97B8B572AEE9FD000AFCC1F /* TrackerStore.swift in Sources */ = {isa = PBXBuildFile; fileRef = C97B8B562AEE9FD000AFCC1F /* TrackerStore.swift */; };
		C97B8B592AEE9FFE00AFCC1F /* TrackerCategoryStore.swift in Sources */ = {isa = PBXBuildFile; fileRef = C97B8B582AEE9FFE00AFCC1F /* TrackerCategoryStore.swift */; };
		C97B8B5B2AEEA01A00AFCC1F /* TrackerRecordStore.swift in Sources */ = {isa = PBXBuildFile; fileRef = C97B8B5A2AEEA01A00AFCC1F /* TrackerRecordStore.swift */; };
		C981C6B32AC87179009D0228 /* UIColor+Extension.swift in Sources */ = {isa = PBXBuildFile; fileRef = C981C6B22AC87179009D0228 /* UIColor+Extension.swift */; };
		C9886D5E2AD033F100E3C85F /* StatisticViewController.swift in Sources */ = {isa = PBXBuildFile; fileRef = C9886D5D2AD033F100E3C85F /* StatisticViewController.swift */; };
		C9886D602AD03B0400E3C85F /* TabBarViewController.swift in Sources */ = {isa = PBXBuildFile; fileRef = C9886D5F2AD03B0400E3C85F /* TabBarViewController.swift */; };
		C998F5DC2AD944D900351CF9 /* Date+Extension.swift in Sources */ = {isa = PBXBuildFile; fileRef = C998F5DB2AD944D900351CF9 /* Date+Extension.swift */; };
		C9D31EA92AD2100700B9B596 /* TrackerCreatorViewController.swift in Sources */ = {isa = PBXBuildFile; fileRef = C9D31EA82AD2100700B9B596 /* TrackerCreatorViewController.swift */; };
		C9D31EAB2AD2E49700B9B596 /* EventCreatorViewController.swift in Sources */ = {isa = PBXBuildFile; fileRef = C9D31EAA2AD2E49700B9B596 /* EventCreatorViewController.swift */; };
		C9D31EAD2AD48D1100B9B596 /* CategoryViewController.swift in Sources */ = {isa = PBXBuildFile; fileRef = C9D31EAC2AD48D1000B9B596 /* CategoryViewController.swift */; };
		C9D31EB12AD48DC400B9B596 /* ScheduleViewController.swift in Sources */ = {isa = PBXBuildFile; fileRef = C9D31EB02AD48DC400B9B596 /* ScheduleViewController.swift */; };
		C9D31EB42AD4A1D000B9B596 /* WeekDay.swift in Sources */ = {isa = PBXBuildFile; fileRef = C9D31EB32AD4A1D000B9B596 /* WeekDay.swift */; };
		C9D31EB62AD4B98100B9B596 /* ScheduleTableViewCell.swift in Sources */ = {isa = PBXBuildFile; fileRef = C9D31EB52AD4B98100B9B596 /* ScheduleTableViewCell.swift */; };
		C9D31EB82AD5606300B9B596 /* ScheduleTableViewCellDelegate.swift in Sources */ = {isa = PBXBuildFile; fileRef = C9D31EB72AD5606200B9B596 /* ScheduleTableViewCellDelegate.swift */; };
		C9D31EBA2AD58EE700B9B596 /* ScheduleViewControllerDelegate.swift in Sources */ = {isa = PBXBuildFile; fileRef = C9D31EB92AD58EE700B9B596 /* ScheduleViewControllerDelegate.swift */; };
		C9D31EBC2AD5FBB000B9B596 /* Trackers.swift in Sources */ = {isa = PBXBuildFile; fileRef = C9D31EBB2AD5FBB000B9B596 /* Trackers.swift */; };
		C9D31EBE2AD5FCB900B9B596 /* TrackerCategory.swift in Sources */ = {isa = PBXBuildFile; fileRef = C9D31EBD2AD5FCB900B9B596 /* TrackerCategory.swift */; };
		C9D31EC02AD5FD1F00B9B596 /* TrackerRecord.swift in Sources */ = {isa = PBXBuildFile; fileRef = C9D31EBF2AD5FD1F00B9B596 /* TrackerRecord.swift */; };
		C9D31EC22AD7371000B9B596 /* TrackersCollectionViewCell.swift in Sources */ = {isa = PBXBuildFile; fileRef = C9D31EC12AD7370F00B9B596 /* TrackersCollectionViewCell.swift */; };
		C9D31EC52AD8892100B9B596 /* TrackersCellSuplementaryView.swift in Sources */ = {isa = PBXBuildFile; fileRef = C9D31EC42AD8892100B9B596 /* TrackersCellSuplementaryView.swift */; };
		C9D31EC72AD8AB5800B9B596 /* TrackersCollectionViewCellDelegate.swift in Sources */ = {isa = PBXBuildFile; fileRef = C9D31EC62AD8AB5800B9B596 /* TrackersCollectionViewCellDelegate.swift */; };
		C9D31EC92AD8B59900B9B596 /* EventCreatorViewControllerDelegate.swift in Sources */ = {isa = PBXBuildFile; fileRef = C9D31EC82AD8B59900B9B596 /* EventCreatorViewControllerDelegate.swift */; };
		C9D31ECB2AD8B72900B9B596 /* TrackerCreatorViewControllerDelegate.swift in Sources */ = {isa = PBXBuildFile; fileRef = C9D31ECA2AD8B72900B9B596 /* TrackerCreatorViewControllerDelegate.swift */; };
		C9D31ECD2AD8BDC600B9B596 /* MockData.swift in Sources */ = {isa = PBXBuildFile; fileRef = C9D31ECC2AD8BDC600B9B596 /* MockData.swift */; };
		C9D74C1D2AF4350700EF794B /* String+Extension.swift in Sources */ = {isa = PBXBuildFile; fileRef = C9D74C1C2AF4350700EF794B /* String+Extension.swift */; };
		C9F8E6492AE8106E00BE65D0 /* Tracker.xcdatamodeld in Sources */ = {isa = PBXBuildFile; fileRef = C9F8E6472AE8106E00BE65D0 /* Tracker.xcdatamodeld */; };
		C9F8E6502AE9854000BE65D0 /* DatabaseManager.swift in Sources */ = {isa = PBXBuildFile; fileRef = C9F8E64F2AE9854000BE65D0 /* DatabaseManager.swift */; };
		C9FF828D2AF4529100837113 /* DatabaseError.swift in Sources */ = {isa = PBXBuildFile; fileRef = C9FF828C2AF4529000837113 /* DatabaseError.swift */; };
/* End PBXBuildFile section */

/* Begin PBXFileReference section */
		C90F11792ADC27200002D47B /* UITextField+Extension.swift */ = {isa = PBXFileReference; lastKnownFileType = sourcecode.swift; path = "UITextField+Extension.swift"; sourceTree = "<group>"; };
		C94D23F12AC85110004D9ADC /* Tracker.app */ = {isa = PBXFileReference; explicitFileType = wrapper.application; includeInIndex = 0; path = Tracker.app; sourceTree = BUILT_PRODUCTS_DIR; };
		C94D23F42AC85110004D9ADC /* AppDelegate.swift */ = {isa = PBXFileReference; lastKnownFileType = sourcecode.swift; path = AppDelegate.swift; sourceTree = "<group>"; };
		C94D23F62AC85110004D9ADC /* SceneDelegate.swift */ = {isa = PBXFileReference; lastKnownFileType = sourcecode.swift; path = SceneDelegate.swift; sourceTree = "<group>"; };
		C94D23F82AC85110004D9ADC /* TrackersViewController.swift */ = {isa = PBXFileReference; lastKnownFileType = sourcecode.swift; path = TrackersViewController.swift; sourceTree = "<group>"; };
		C94D24002AC85114004D9ADC /* Assets.xcassets */ = {isa = PBXFileReference; lastKnownFileType = folder.assetcatalog; path = Assets.xcassets; sourceTree = "<group>"; };
		C94D24032AC85114004D9ADC /* Base */ = {isa = PBXFileReference; lastKnownFileType = file.storyboard; name = Base; path = Base.lproj/LaunchScreen.storyboard; sourceTree = "<group>"; };
		C94D24052AC85114004D9ADC /* Info.plist */ = {isa = PBXFileReference; lastKnownFileType = text.plist.xml; path = Info.plist; sourceTree = "<group>"; };
		C94FEE9B2ADDCC8A00F6E78F /* EventCreatorCollectionViewCell.swift */ = {isa = PBXFileReference; lastKnownFileType = sourcecode.swift; path = EventCreatorCollectionViewCell.swift; sourceTree = "<group>"; };
		C94FEE9F2ADDCDE500F6E78F /* EventCreatorSuplementaryView.swift */ = {isa = PBXFileReference; lastKnownFileType = sourcecode.swift; path = EventCreatorSuplementaryView.swift; sourceTree = "<group>"; };
		C97B8B562AEE9FD000AFCC1F /* TrackerStore.swift */ = {isa = PBXFileReference; lastKnownFileType = sourcecode.swift; path = TrackerStore.swift; sourceTree = "<group>"; };
		C97B8B582AEE9FFE00AFCC1F /* TrackerCategoryStore.swift */ = {isa = PBXFileReference; lastKnownFileType = sourcecode.swift; path = TrackerCategoryStore.swift; sourceTree = "<group>"; };
		C97B8B5A2AEEA01A00AFCC1F /* TrackerRecordStore.swift */ = {isa = PBXFileReference; lastKnownFileType = sourcecode.swift; path = TrackerRecordStore.swift; sourceTree = "<group>"; };
		C981C6B22AC87179009D0228 /* UIColor+Extension.swift */ = {isa = PBXFileReference; lastKnownFileType = sourcecode.swift; path = "UIColor+Extension.swift"; sourceTree = "<group>"; };
		C9886D5D2AD033F100E3C85F /* StatisticViewController.swift */ = {isa = PBXFileReference; lastKnownFileType = sourcecode.swift; path = StatisticViewController.swift; sourceTree = "<group>"; };
		C9886D5F2AD03B0400E3C85F /* TabBarViewController.swift */ = {isa = PBXFileReference; lastKnownFileType = sourcecode.swift; path = TabBarViewController.swift; sourceTree = "<group>"; };
		C998F5DB2AD944D900351CF9 /* Date+Extension.swift */ = {isa = PBXFileReference; lastKnownFileType = sourcecode.swift; path = "Date+Extension.swift"; sourceTree = "<group>"; };
		C9D31EA82AD2100700B9B596 /* TrackerCreatorViewController.swift */ = {isa = PBXFileReference; lastKnownFileType = sourcecode.swift; path = TrackerCreatorViewController.swift; sourceTree = "<group>"; };
		C9D31EAA2AD2E49700B9B596 /* EventCreatorViewController.swift */ = {isa = PBXFileReference; lastKnownFileType = sourcecode.swift; path = EventCreatorViewController.swift; sourceTree = "<group>"; };
		C9D31EAC2AD48D1000B9B596 /* CategoryViewController.swift */ = {isa = PBXFileReference; lastKnownFileType = sourcecode.swift; path = CategoryViewController.swift; sourceTree = "<group>"; };
		C9D31EB02AD48DC400B9B596 /* ScheduleViewController.swift */ = {isa = PBXFileReference; lastKnownFileType = sourcecode.swift; path = ScheduleViewController.swift; sourceTree = "<group>"; };
		C9D31EB32AD4A1D000B9B596 /* WeekDay.swift */ = {isa = PBXFileReference; lastKnownFileType = sourcecode.swift; path = WeekDay.swift; sourceTree = "<group>"; };
		C9D31EB52AD4B98100B9B596 /* ScheduleTableViewCell.swift */ = {isa = PBXFileReference; lastKnownFileType = sourcecode.swift; path = ScheduleTableViewCell.swift; sourceTree = "<group>"; };
		C9D31EB72AD5606200B9B596 /* ScheduleTableViewCellDelegate.swift */ = {isa = PBXFileReference; lastKnownFileType = sourcecode.swift; path = ScheduleTableViewCellDelegate.swift; sourceTree = "<group>"; };
		C9D31EB92AD58EE700B9B596 /* ScheduleViewControllerDelegate.swift */ = {isa = PBXFileReference; lastKnownFileType = sourcecode.swift; path = ScheduleViewControllerDelegate.swift; sourceTree = "<group>"; };
		C9D31EBB2AD5FBB000B9B596 /* Trackers.swift */ = {isa = PBXFileReference; lastKnownFileType = sourcecode.swift; path = Trackers.swift; sourceTree = "<group>"; };
		C9D31EBD2AD5FCB900B9B596 /* TrackerCategory.swift */ = {isa = PBXFileReference; lastKnownFileType = sourcecode.swift; path = TrackerCategory.swift; sourceTree = "<group>"; };
		C9D31EBF2AD5FD1F00B9B596 /* TrackerRecord.swift */ = {isa = PBXFileReference; lastKnownFileType = sourcecode.swift; path = TrackerRecord.swift; sourceTree = "<group>"; };
		C9D31EC12AD7370F00B9B596 /* TrackersCollectionViewCell.swift */ = {isa = PBXFileReference; lastKnownFileType = sourcecode.swift; path = TrackersCollectionViewCell.swift; sourceTree = "<group>"; };
		C9D31EC42AD8892100B9B596 /* TrackersCellSuplementaryView.swift */ = {isa = PBXFileReference; lastKnownFileType = sourcecode.swift; path = TrackersCellSuplementaryView.swift; sourceTree = "<group>"; };
		C9D31EC62AD8AB5800B9B596 /* TrackersCollectionViewCellDelegate.swift */ = {isa = PBXFileReference; lastKnownFileType = sourcecode.swift; path = TrackersCollectionViewCellDelegate.swift; sourceTree = "<group>"; };
		C9D31EC82AD8B59900B9B596 /* EventCreatorViewControllerDelegate.swift */ = {isa = PBXFileReference; lastKnownFileType = sourcecode.swift; path = EventCreatorViewControllerDelegate.swift; sourceTree = "<group>"; };
		C9D31ECA2AD8B72900B9B596 /* TrackerCreatorViewControllerDelegate.swift */ = {isa = PBXFileReference; lastKnownFileType = sourcecode.swift; path = TrackerCreatorViewControllerDelegate.swift; sourceTree = "<group>"; };
		C9D31ECC2AD8BDC600B9B596 /* MockData.swift */ = {isa = PBXFileReference; lastKnownFileType = sourcecode.swift; path = MockData.swift; sourceTree = "<group>"; };
		C9D74C1C2AF4350700EF794B /* String+Extension.swift */ = {isa = PBXFileReference; lastKnownFileType = sourcecode.swift; path = "String+Extension.swift"; sourceTree = "<group>"; };
		C9F8E6482AE8106E00BE65D0 /* TrackerCoreData.xcdatamodel */ = {isa = PBXFileReference; lastKnownFileType = wrapper.xcdatamodel; path = TrackerCoreData.xcdatamodel; sourceTree = "<group>"; };
		C9F8E64F2AE9854000BE65D0 /* DatabaseManager.swift */ = {isa = PBXFileReference; lastKnownFileType = sourcecode.swift; path = DatabaseManager.swift; sourceTree = "<group>"; };
		C9FF828C2AF4529000837113 /* DatabaseError.swift */ = {isa = PBXFileReference; lastKnownFileType = sourcecode.swift; path = DatabaseError.swift; sourceTree = "<group>"; };
/* End PBXFileReference section */

/* Begin PBXFrameworksBuildPhase section */
		C94D23EE2AC85110004D9ADC /* Frameworks */ = {
			isa = PBXFrameworksBuildPhase;
			buildActionMask = 2147483647;
			files = (
			);
			runOnlyForDeploymentPostprocessing = 0;
		};
/* End PBXFrameworksBuildPhase section */

/* Begin PBXGroup section */
		C94D23E82AC85110004D9ADC = {
			isa = PBXGroup;
			children = (
				C94D23F32AC85110004D9ADC /* Tracker */,
				C94D23F22AC85110004D9ADC /* Products */,
			);
			sourceTree = "<group>";
		};
		C94D23F22AC85110004D9ADC /* Products */ = {
			isa = PBXGroup;
			children = (
				C94D23F12AC85110004D9ADC /* Tracker.app */,
			);
			name = Products;
			sourceTree = "<group>";
		};
		C94D23F32AC85110004D9ADC /* Tracker */ = {
			isa = PBXGroup;
			children = (
				C9F8E6462AE8103400BE65D0 /* CoreData */,
				C9D31EB22AD4A1B700B9B596 /* Models */,
				C9D31EA72AD20F0200B9B596 /* Statistics */,
				C9D31EA42AD20E4900B9B596 /* Trackers */,
				C981C6B12AC87158009D0228 /* Helpers */,
				C9886D5F2AD03B0400E3C85F /* TabBarViewController.swift */,
				C9D31ECC2AD8BDC600B9B596 /* MockData.swift */,
				C94D23F42AC85110004D9ADC /* AppDelegate.swift */,
				C94D23F62AC85110004D9ADC /* SceneDelegate.swift */,
				C94D24002AC85114004D9ADC /* Assets.xcassets */,
				C94D24022AC85114004D9ADC /* LaunchScreen.storyboard */,
				C94D24052AC85114004D9ADC /* Info.plist */,
			);
			path = Tracker;
			sourceTree = "<group>";
		};
		C94FEE982ADDCB0000F6E78F /* EventCreatorViewController */ = {
			isa = PBXGroup;
			children = (
				C94FEE9A2ADDCC5700F6E78F /* EventCreatorCollectionView */,
				C9D31EAE2AD48D9200B9B596 /* Category */,
				C9D31EAF2AD48D9F00B9B596 /* Schedule */,
				C9D31EAA2AD2E49700B9B596 /* EventCreatorViewController.swift */,
				C9D31EC82AD8B59900B9B596 /* EventCreatorViewControllerDelegate.swift */,
			);
			path = EventCreatorViewController;
			sourceTree = "<group>";
		};
		C94FEE992ADDCB9E00F6E78F /* TrackerCreatorViewController */ = {
			isa = PBXGroup;
			children = (
				C9D31EA82AD2100700B9B596 /* TrackerCreatorViewController.swift */,
				C9D31ECA2AD8B72900B9B596 /* TrackerCreatorViewControllerDelegate.swift */,
			);
			path = TrackerCreatorViewController;
			sourceTree = "<group>";
		};
		C94FEE9A2ADDCC5700F6E78F /* EventCreatorCollectionView */ = {
			isa = PBXGroup;
			children = (
				C94FEE9B2ADDCC8A00F6E78F /* EventCreatorCollectionViewCell.swift */,
				C94FEE9F2ADDCDE500F6E78F /* EventCreatorSuplementaryView.swift */,
			);
			path = EventCreatorCollectionView;
			sourceTree = "<group>";
		};
		C981C6B12AC87158009D0228 /* Helpers */ = {
			isa = PBXGroup;
			children = (
				C998F5DB2AD944D900351CF9 /* Date+Extension.swift */,
				C9D74C1C2AF4350700EF794B /* String+Extension.swift */,
				C981C6B22AC87179009D0228 /* UIColor+Extension.swift */,
				C90F11792ADC27200002D47B /* UITextField+Extension.swift */,
			);
			path = Helpers;
			sourceTree = "<group>";
		};
		C9D31EA42AD20E4900B9B596 /* Trackers */ = {
			isa = PBXGroup;
			children = (
				C94FEE982ADDCB0000F6E78F /* EventCreatorViewController */,
				C94FEE992ADDCB9E00F6E78F /* TrackerCreatorViewController */,
				C9D31EC32AD73AEA00B9B596 /* TrackersCollectionView */,
				C94D23F82AC85110004D9ADC /* TrackersViewController.swift */,
			);
			path = Trackers;
			sourceTree = "<group>";
		};
		C9D31EA72AD20F0200B9B596 /* Statistics */ = {
			isa = PBXGroup;
			children = (
				C9886D5D2AD033F100E3C85F /* StatisticViewController.swift */,
			);
			path = Statistics;
			sourceTree = "<group>";
		};
		C9D31EAE2AD48D9200B9B596 /* Category */ = {
			isa = PBXGroup;
			children = (
				C9D31EAC2AD48D1000B9B596 /* CategoryViewController.swift */,
			);
			path = Category;
			sourceTree = "<group>";
		};
		C9D31EAF2AD48D9F00B9B596 /* Schedule */ = {
			isa = PBXGroup;
			children = (
				C9D31EB02AD48DC400B9B596 /* ScheduleViewController.swift */,
				C9D31EB52AD4B98100B9B596 /* ScheduleTableViewCell.swift */,
				C9D31EB72AD5606200B9B596 /* ScheduleTableViewCellDelegate.swift */,
				C9D31EB92AD58EE700B9B596 /* ScheduleViewControllerDelegate.swift */,
			);
			path = Schedule;
			sourceTree = "<group>";
		};
		C9D31EB22AD4A1B700B9B596 /* Models */ = {
			isa = PBXGroup;
			children = (
				C9FF828C2AF4529000837113 /* DatabaseError.swift */,
				C9D31EBB2AD5FBB000B9B596 /* Trackers.swift */,
				C9D31EBD2AD5FCB900B9B596 /* TrackerCategory.swift */,
				C9D31EBF2AD5FD1F00B9B596 /* TrackerRecord.swift */,
				C9D31EB32AD4A1D000B9B596 /* WeekDay.swift */,
			);
			path = Models;
			sourceTree = "<group>";
		};
		C9D31EC32AD73AEA00B9B596 /* TrackersCollectionView */ = {
			isa = PBXGroup;
			children = (
				C9D31EC12AD7370F00B9B596 /* TrackersCollectionViewCell.swift */,
				C9D31EC42AD8892100B9B596 /* TrackersCellSuplementaryView.swift */,
				C9D31EC62AD8AB5800B9B596 /* TrackersCollectionViewCellDelegate.swift */,
			);
			path = TrackersCollectionView;
			sourceTree = "<group>";
		};
		C9F8E6462AE8103400BE65D0 /* CoreData */ = {
			isa = PBXGroup;
			children = (
				C9F8E6472AE8106E00BE65D0 /* Tracker.xcdatamodeld */,
				C9F8E64F2AE9854000BE65D0 /* DatabaseManager.swift */,
				C97B8B562AEE9FD000AFCC1F /* TrackerStore.swift */,
				C97B8B582AEE9FFE00AFCC1F /* TrackerCategoryStore.swift */,
				C97B8B5A2AEEA01A00AFCC1F /* TrackerRecordStore.swift */,
			);
			path = CoreData;
			sourceTree = "<group>";
		};
/* End PBXGroup section */

/* Begin PBXNativeTarget section */
		C94D23F02AC85110004D9ADC /* Tracker */ = {
			isa = PBXNativeTarget;
			buildConfigurationList = C94D24082AC85114004D9ADC /* Build configuration list for PBXNativeTarget "Tracker" */;
			buildPhases = (
				C94D23ED2AC85110004D9ADC /* Sources */,
				C94D23EE2AC85110004D9ADC /* Frameworks */,
				C94D23EF2AC85110004D9ADC /* Resources */,
			);
			buildRules = (
			);
			dependencies = (
			);
			name = Tracker;
			productName = Tracker;
			productReference = C94D23F12AC85110004D9ADC /* Tracker.app */;
			productType = "com.apple.product-type.application";
		};
/* End PBXNativeTarget section */

/* Begin PBXProject section */
		C94D23E92AC85110004D9ADC /* Project object */ = {
			isa = PBXProject;
			attributes = {
				BuildIndependentTargetsInParallel = 1;
				LastSwiftUpdateCheck = 1430;
				LastUpgradeCheck = 1430;
				TargetAttributes = {
					C94D23F02AC85110004D9ADC = {
						CreatedOnToolsVersion = 14.3.1;
					};
				};
			};
			buildConfigurationList = C94D23EC2AC85110004D9ADC /* Build configuration list for PBXProject "Tracker" */;
			compatibilityVersion = "Xcode 14.0";
			developmentRegion = en;
			hasScannedForEncodings = 0;
			knownRegions = (
				en,
				Base,
			);
			mainGroup = C94D23E82AC85110004D9ADC;
			productRefGroup = C94D23F22AC85110004D9ADC /* Products */;
			projectDirPath = "";
			projectRoot = "";
			targets = (
				C94D23F02AC85110004D9ADC /* Tracker */,
			);
		};
/* End PBXProject section */

/* Begin PBXResourcesBuildPhase section */
		C94D23EF2AC85110004D9ADC /* Resources */ = {
			isa = PBXResourcesBuildPhase;
			buildActionMask = 2147483647;
			files = (
				C94D24042AC85114004D9ADC /* LaunchScreen.storyboard in Resources */,
				C94D24012AC85114004D9ADC /* Assets.xcassets in Resources */,
			);
			runOnlyForDeploymentPostprocessing = 0;
		};
/* End PBXResourcesBuildPhase section */

/* Begin PBXSourcesBuildPhase section */
		C94D23ED2AC85110004D9ADC /* Sources */ = {
			isa = PBXSourcesBuildPhase;
			buildActionMask = 2147483647;
			files = (
				C998F5DC2AD944D900351CF9 /* Date+Extension.swift in Sources */,
				C9D74C1D2AF4350700EF794B /* String+Extension.swift in Sources */,
				C9D31EAD2AD48D1100B9B596 /* CategoryViewController.swift in Sources */,
				C9FF828D2AF4529100837113 /* DatabaseError.swift in Sources */,
				C9D31EB62AD4B98100B9B596 /* ScheduleTableViewCell.swift in Sources */,
				C9D31EA92AD2100700B9B596 /* TrackerCreatorViewController.swift in Sources */,
				C94D23F92AC85110004D9ADC /* TrackersViewController.swift in Sources */,
				C9D31EC02AD5FD1F00B9B596 /* TrackerRecord.swift in Sources */,
				C9D31EBE2AD5FCB900B9B596 /* TrackerCategory.swift in Sources */,
				C9D31EBA2AD58EE700B9B596 /* ScheduleViewControllerDelegate.swift in Sources */,
				C9F8E6502AE9854000BE65D0 /* DatabaseManager.swift in Sources */,
				C90F117A2ADC27200002D47B /* UITextField+Extension.swift in Sources */,
				C9D31EC22AD7371000B9B596 /* TrackersCollectionViewCell.swift in Sources */,
				C97B8B5B2AEEA01A00AFCC1F /* TrackerRecordStore.swift in Sources */,
				C94D23F52AC85110004D9ADC /* AppDelegate.swift in Sources */,
				C9886D5E2AD033F100E3C85F /* StatisticViewController.swift in Sources */,
				C9D31ECB2AD8B72900B9B596 /* TrackerCreatorViewControllerDelegate.swift in Sources */,
				C97B8B572AEE9FD000AFCC1F /* TrackerStore.swift in Sources */,
				C9D31EBC2AD5FBB000B9B596 /* Trackers.swift in Sources */,
				C94FEEA02ADDCDE500F6E78F /* EventCreatorSuplementaryView.swift in Sources */,
				C9D31ECD2AD8BDC600B9B596 /* MockData.swift in Sources */,
				C9D31EC52AD8892100B9B596 /* TrackersCellSuplementaryView.swift in Sources */,
				C9D31EB82AD5606300B9B596 /* ScheduleTableViewCellDelegate.swift in Sources */,
				C9D31EC72AD8AB5800B9B596 /* TrackersCollectionViewCellDelegate.swift in Sources */,
				C9D31EC92AD8B59900B9B596 /* EventCreatorViewControllerDelegate.swift in Sources */,
				C9D31EB42AD4A1D000B9B596 /* WeekDay.swift in Sources */,
				C9D31EAB2AD2E49700B9B596 /* EventCreatorViewController.swift in Sources */,
				C97B8B592AEE9FFE00AFCC1F /* TrackerCategoryStore.swift in Sources */,
				C9886D602AD03B0400E3C85F /* TabBarViewController.swift in Sources */,
				C94FEE9C2ADDCC8A00F6E78F /* EventCreatorCollectionViewCell.swift in Sources */,
				C94D23F72AC85110004D9ADC /* SceneDelegate.swift in Sources */,
				C9D31EB12AD48DC400B9B596 /* ScheduleViewController.swift in Sources */,
				C9F8E6492AE8106E00BE65D0 /* Tracker.xcdatamodeld in Sources */,
				C981C6B32AC87179009D0228 /* UIColor+Extension.swift in Sources */,
			);
			runOnlyForDeploymentPostprocessing = 0;
		};
/* End PBXSourcesBuildPhase section */

/* Begin PBXVariantGroup section */
		C94D24022AC85114004D9ADC /* LaunchScreen.storyboard */ = {
			isa = PBXVariantGroup;
			children = (
				C94D24032AC85114004D9ADC /* Base */,
			);
			name = LaunchScreen.storyboard;
			sourceTree = "<group>";
		};
/* End PBXVariantGroup section */

/* Begin XCBuildConfiguration section */
		C94D24062AC85114004D9ADC /* Debug */ = {
			isa = XCBuildConfiguration;
			buildSettings = {
				ALWAYS_SEARCH_USER_PATHS = NO;
				CLANG_ANALYZER_NONNULL = YES;
				CLANG_ANALYZER_NUMBER_OBJECT_CONVERSION = YES_AGGRESSIVE;
				CLANG_CXX_LANGUAGE_STANDARD = "gnu++20";
				CLANG_ENABLE_MODULES = YES;
				CLANG_ENABLE_OBJC_ARC = YES;
				CLANG_ENABLE_OBJC_WEAK = YES;
				CLANG_WARN_BLOCK_CAPTURE_AUTORELEASING = YES;
				CLANG_WARN_BOOL_CONVERSION = YES;
				CLANG_WARN_COMMA = YES;
				CLANG_WARN_CONSTANT_CONVERSION = YES;
				CLANG_WARN_DEPRECATED_OBJC_IMPLEMENTATIONS = YES;
				CLANG_WARN_DIRECT_OBJC_ISA_USAGE = YES_ERROR;
				CLANG_WARN_DOCUMENTATION_COMMENTS = YES;
				CLANG_WARN_EMPTY_BODY = YES;
				CLANG_WARN_ENUM_CONVERSION = YES;
				CLANG_WARN_INFINITE_RECURSION = YES;
				CLANG_WARN_INT_CONVERSION = YES;
				CLANG_WARN_NON_LITERAL_NULL_CONVERSION = YES;
				CLANG_WARN_OBJC_IMPLICIT_RETAIN_SELF = YES;
				CLANG_WARN_OBJC_LITERAL_CONVERSION = YES;
				CLANG_WARN_OBJC_ROOT_CLASS = YES_ERROR;
				CLANG_WARN_QUOTED_INCLUDE_IN_FRAMEWORK_HEADER = YES;
				CLANG_WARN_RANGE_LOOP_ANALYSIS = YES;
				CLANG_WARN_STRICT_PROTOTYPES = YES;
				CLANG_WARN_SUSPICIOUS_MOVE = YES;
				CLANG_WARN_UNGUARDED_AVAILABILITY = YES_AGGRESSIVE;
				CLANG_WARN_UNREACHABLE_CODE = YES;
				CLANG_WARN__DUPLICATE_METHOD_MATCH = YES;
				COPY_PHASE_STRIP = NO;
				DEBUG_INFORMATION_FORMAT = dwarf;
				ENABLE_STRICT_OBJC_MSGSEND = YES;
				ENABLE_TESTABILITY = YES;
				GCC_C_LANGUAGE_STANDARD = gnu11;
				GCC_DYNAMIC_NO_PIC = NO;
				GCC_NO_COMMON_BLOCKS = YES;
				GCC_OPTIMIZATION_LEVEL = 0;
				GCC_PREPROCESSOR_DEFINITIONS = (
					"DEBUG=1",
					"$(inherited)",
				);
				GCC_WARN_64_TO_32_BIT_CONVERSION = YES;
				GCC_WARN_ABOUT_RETURN_TYPE = YES_ERROR;
				GCC_WARN_UNDECLARED_SELECTOR = YES;
				GCC_WARN_UNINITIALIZED_AUTOS = YES_AGGRESSIVE;
				GCC_WARN_UNUSED_FUNCTION = YES;
				GCC_WARN_UNUSED_VARIABLE = YES;
				IPHONEOS_DEPLOYMENT_TARGET = 16.4;
				MTL_ENABLE_DEBUG_INFO = INCLUDE_SOURCE;
				MTL_FAST_MATH = YES;
				ONLY_ACTIVE_ARCH = YES;
				SDKROOT = iphoneos;
				SWIFT_ACTIVE_COMPILATION_CONDITIONS = DEBUG;
				SWIFT_OPTIMIZATION_LEVEL = "-Onone";
			};
			name = Debug;
		};
		C94D24072AC85114004D9ADC /* Release */ = {
			isa = XCBuildConfiguration;
			buildSettings = {
				ALWAYS_SEARCH_USER_PATHS = NO;
				CLANG_ANALYZER_NONNULL = YES;
				CLANG_ANALYZER_NUMBER_OBJECT_CONVERSION = YES_AGGRESSIVE;
				CLANG_CXX_LANGUAGE_STANDARD = "gnu++20";
				CLANG_ENABLE_MODULES = YES;
				CLANG_ENABLE_OBJC_ARC = YES;
				CLANG_ENABLE_OBJC_WEAK = YES;
				CLANG_WARN_BLOCK_CAPTURE_AUTORELEASING = YES;
				CLANG_WARN_BOOL_CONVERSION = YES;
				CLANG_WARN_COMMA = YES;
				CLANG_WARN_CONSTANT_CONVERSION = YES;
				CLANG_WARN_DEPRECATED_OBJC_IMPLEMENTATIONS = YES;
				CLANG_WARN_DIRECT_OBJC_ISA_USAGE = YES_ERROR;
				CLANG_WARN_DOCUMENTATION_COMMENTS = YES;
				CLANG_WARN_EMPTY_BODY = YES;
				CLANG_WARN_ENUM_CONVERSION = YES;
				CLANG_WARN_INFINITE_RECURSION = YES;
				CLANG_WARN_INT_CONVERSION = YES;
				CLANG_WARN_NON_LITERAL_NULL_CONVERSION = YES;
				CLANG_WARN_OBJC_IMPLICIT_RETAIN_SELF = YES;
				CLANG_WARN_OBJC_LITERAL_CONVERSION = YES;
				CLANG_WARN_OBJC_ROOT_CLASS = YES_ERROR;
				CLANG_WARN_QUOTED_INCLUDE_IN_FRAMEWORK_HEADER = YES;
				CLANG_WARN_RANGE_LOOP_ANALYSIS = YES;
				CLANG_WARN_STRICT_PROTOTYPES = YES;
				CLANG_WARN_SUSPICIOUS_MOVE = YES;
				CLANG_WARN_UNGUARDED_AVAILABILITY = YES_AGGRESSIVE;
				CLANG_WARN_UNREACHABLE_CODE = YES;
				CLANG_WARN__DUPLICATE_METHOD_MATCH = YES;
				COPY_PHASE_STRIP = NO;
				DEBUG_INFORMATION_FORMAT = "dwarf-with-dsym";
				ENABLE_NS_ASSERTIONS = NO;
				ENABLE_STRICT_OBJC_MSGSEND = YES;
				GCC_C_LANGUAGE_STANDARD = gnu11;
				GCC_NO_COMMON_BLOCKS = YES;
				GCC_WARN_64_TO_32_BIT_CONVERSION = YES;
				GCC_WARN_ABOUT_RETURN_TYPE = YES_ERROR;
				GCC_WARN_UNDECLARED_SELECTOR = YES;
				GCC_WARN_UNINITIALIZED_AUTOS = YES_AGGRESSIVE;
				GCC_WARN_UNUSED_FUNCTION = YES;
				GCC_WARN_UNUSED_VARIABLE = YES;
				IPHONEOS_DEPLOYMENT_TARGET = 16.4;
				MTL_ENABLE_DEBUG_INFO = NO;
				MTL_FAST_MATH = YES;
				SDKROOT = iphoneos;
				SWIFT_COMPILATION_MODE = wholemodule;
				SWIFT_OPTIMIZATION_LEVEL = "-O";
				VALIDATE_PRODUCT = YES;
			};
			name = Release;
		};
		C94D24092AC85114004D9ADC /* Debug */ = {
			isa = XCBuildConfiguration;
			buildSettings = {
				ASSETCATALOG_COMPILER_APPICON_NAME = AppIcon;
				ASSETCATALOG_COMPILER_GLOBAL_ACCENT_COLOR_NAME = AccentColor;
				CODE_SIGN_STYLE = Automatic;
				CURRENT_PROJECT_VERSION = 1;
				DEVELOPMENT_TEAM = PYCAA238P6;
				GENERATE_INFOPLIST_FILE = YES;
				INFOPLIST_FILE = Tracker/Info.plist;
				INFOPLIST_KEY_CFBundleDisplayName = Tracker;
				INFOPLIST_KEY_LSApplicationCategoryType = "public.app-category.lifestyle";
				INFOPLIST_KEY_UIApplicationSupportsIndirectInputEvents = YES;
				INFOPLIST_KEY_UILaunchStoryboardName = LaunchScreen;
				INFOPLIST_KEY_UIMainStoryboardFile = "";
				INFOPLIST_KEY_UISupportedInterfaceOrientations = UIInterfaceOrientationPortrait;
				INFOPLIST_KEY_UISupportedInterfaceOrientations_iPad = "UIInterfaceOrientationLandscapeLeft UIInterfaceOrientationLandscapeRight UIInterfaceOrientationPortrait UIInterfaceOrientationPortraitUpsideDown";
				IPHONEOS_DEPLOYMENT_TARGET = 13.4;
				LD_RUNPATH_SEARCH_PATHS = (
					"$(inherited)",
					"@executable_path/Frameworks",
				);
				MARKETING_VERSION = 1.0;
				PRODUCT_BUNDLE_IDENTIFIER = com.superaydumov.Praktikum.Tracker;
				PRODUCT_NAME = "$(TARGET_NAME)";
				SWIFT_EMIT_LOC_STRINGS = YES;
				SWIFT_VERSION = 5.0;
				TARGETED_DEVICE_FAMILY = 1;
			};
			name = Debug;
		};
		C94D240A2AC85114004D9ADC /* Release */ = {
			isa = XCBuildConfiguration;
			buildSettings = {
				ASSETCATALOG_COMPILER_APPICON_NAME = AppIcon;
				ASSETCATALOG_COMPILER_GLOBAL_ACCENT_COLOR_NAME = AccentColor;
				CODE_SIGN_STYLE = Automatic;
				CURRENT_PROJECT_VERSION = 1;
				DEVELOPMENT_TEAM = PYCAA238P6;
				GENERATE_INFOPLIST_FILE = YES;
				INFOPLIST_FILE = Tracker/Info.plist;
				INFOPLIST_KEY_CFBundleDisplayName = Tracker;
				INFOPLIST_KEY_LSApplicationCategoryType = "public.app-category.lifestyle";
				INFOPLIST_KEY_UIApplicationSupportsIndirectInputEvents = YES;
				INFOPLIST_KEY_UILaunchStoryboardName = LaunchScreen;
				INFOPLIST_KEY_UIMainStoryboardFile = "";
				INFOPLIST_KEY_UISupportedInterfaceOrientations = UIInterfaceOrientationPortrait;
				INFOPLIST_KEY_UISupportedInterfaceOrientations_iPad = "UIInterfaceOrientationLandscapeLeft UIInterfaceOrientationLandscapeRight UIInterfaceOrientationPortrait UIInterfaceOrientationPortraitUpsideDown";
				IPHONEOS_DEPLOYMENT_TARGET = 13.4;
				LD_RUNPATH_SEARCH_PATHS = (
					"$(inherited)",
					"@executable_path/Frameworks",
				);
				MARKETING_VERSION = 1.0;
				PRODUCT_BUNDLE_IDENTIFIER = com.superaydumov.Praktikum.Tracker;
				PRODUCT_NAME = "$(TARGET_NAME)";
				SWIFT_EMIT_LOC_STRINGS = YES;
				SWIFT_VERSION = 5.0;
				TARGETED_DEVICE_FAMILY = 1;
			};
			name = Release;
		};
/* End XCBuildConfiguration section */

/* Begin XCConfigurationList section */
		C94D23EC2AC85110004D9ADC /* Build configuration list for PBXProject "Tracker" */ = {
			isa = XCConfigurationList;
			buildConfigurations = (
				C94D24062AC85114004D9ADC /* Debug */,
				C94D24072AC85114004D9ADC /* Release */,
			);
			defaultConfigurationIsVisible = 0;
			defaultConfigurationName = Release;
		};
		C94D24082AC85114004D9ADC /* Build configuration list for PBXNativeTarget "Tracker" */ = {
			isa = XCConfigurationList;
			buildConfigurations = (
				C94D24092AC85114004D9ADC /* Debug */,
				C94D240A2AC85114004D9ADC /* Release */,
			);
			defaultConfigurationIsVisible = 0;
			defaultConfigurationName = Release;
		};
/* End XCConfigurationList section */

/* Begin XCVersionGroup section */
		C9F8E6472AE8106E00BE65D0 /* Tracker.xcdatamodeld */ = {
			isa = XCVersionGroup;
			children = (
				C9F8E6482AE8106E00BE65D0 /* TrackerCoreData.xcdatamodel */,
			);
			currentVersion = C9F8E6482AE8106E00BE65D0 /* TrackerCoreData.xcdatamodel */;
			path = Tracker.xcdatamodeld;
			sourceTree = "<group>";
			versionGroupType = wrapper.xcdatamodel;
		};
/* End XCVersionGroup section */
	};
	rootObject = C94D23E92AC85110004D9ADC /* Project object */;
}
